
Microsoft Visual Studio Solution File, Format Version 12.00
# Visual Studio Version 16
VisualStudioVersion = 16.0.32002.261
MinimumVisualStudioVersion = 10.0.40219.1
Project("{8BC9CEB8-8B4A-11D0-8D11-00A0C91BC942}") = "BFS", "BFS\BFS.vcxproj", "{E25E7ADE-0981-4757-9E03-2E05068B4269}"
EndProject
Project("{8BC9CEB8-8B4A-11D0-8D11-00A0C91BC942}") = "DFS", "DFS\DFS.vcxproj", "{EE969FF0-6A4C-4D97-80C0-B904F79A9C65}"
EndProject
Project("{8BC9CEB8-8B4A-11D0-8D11-00A0C91BC942}") = "Linear Search", "Linear Search\Linear Search.vcxproj", "{AB89BE4F-267F-4C72-A70A-BE0442066F20}"
EndProject
Project("{8BC9CEB8-8B4A-11D0-8D11-00A0C91BC942}") = "Binary Search", "Binary Search\Binary Search.vcxproj", "{A2639C2D-0BBA-41A9-93F9-7C7038400114}"
EndProject
Global
	GlobalSection(SolutionConfigurationPlatforms) = preSolution
		Debug|x64 = Debug|x64
		Debug|x86 = Debug|x86
		Release|x64 = Release|x64
		Release|x86 = Release|x86
	EndGlobalSection
	GlobalSection(ProjectConfigurationPlatforms) = postSolution
		{E25E7ADE-0981-4757-9E03-2E05068B4269}.Debug|x64.ActiveCfg = Debug|x64
		{E25E7ADE-0981-4757-9E03-2E05068B4269}.Debug|x64.Build.0 = Debug|x64
		{E25E7ADE-0981-4757-9E03-2E05068B4269}.Debug|x86.ActiveCfg = Debug|Win32
		{E25E7ADE-0981-4757-9E03-2E05068B4269}.Debug|x86.Build.0 = Debug|Win32
		{E25E7ADE-0981-4757-9E03-2E05068B4269}.Release|x64.ActiveCfg = Release|x64
		{E25E7ADE-0981-4757-9E03-2E05068B4269}.Release|x64.Build.0 = Release|x64
		{E25E7ADE-0981-4757-9E03-2E05068B4269}.Release|x86.ActiveCfg = Release|Win32
		{E25E7ADE-0981-4757-9E03-2E05068B4269}.Release|x86.Build.0 = Release|Win32
		{EE969FF0-6A4C-4D97-80C0-B904F79A9C65}.Debug|x64.ActiveCfg = Debug|x64
		{EE969FF0-6A4C-4D97-80C0-B904F79A9C65}.Debug|x64.Build.0 = Debug|x64
		{EE969FF0-6A4C-4D97-80C0-B904F79A9C65}.Debug|x86.ActiveCfg = Debug|Win32
		{EE969FF0-6A4C-4D97-80C0-B904F79A9C65}.Debug|x86.Build.0 = Debug|Win32
		{EE969FF0-6A4C-4D97-80C0-B904F79A9C65}.Release|x64.ActiveCfg = Release|x64
		{EE969FF0-6A4C-4D97-80C0-B904F79A9C65}.Release|x64.Build.0 = Release|x64
		{EE969FF0-6A4C-4D97-80C0-B904F79A9C65}.Release|x86.ActiveCfg = Release|Win32
		{EE969FF0-6A4C-4D97-80C0-B904F79A9C65}.Release|x86.Build.0 = Release|Win32
		{AB89BE4F-267F-4C72-A70A-BE0442066F20}.Debug|x64.ActiveCfg = Debug|x64
		{AB89BE4F-267F-4C72-A70A-BE0442066F20}.Debug|x64.Build.0 = Debug|x64
		{AB89BE4F-267F-4C72-A70A-BE0442066F20}.Debug|x86.ActiveCfg = Debug|Win32
		{AB89BE4F-267F-4C72-A70A-BE0442066F20}.Debug|x86.Build.0 = Debug|Win32
		{AB89BE4F-267F-4C72-A70A-BE0442066F20}.Release|x64.ActiveCfg = Release|x64
		{AB89BE4F-267F-4C72-A70A-BE0442066F20}.Release|x64.Build.0 = Release|x64
		{AB89BE4F-267F-4C72-A70A-BE0442066F20}.Release|x86.ActiveCfg = Release|Win32
		{AB89BE4F-267F-4C72-A70A-BE0442066F20}.Release|x86.Build.0 = Release|Win32
		{A2639C2D-0BBA-41A9-93F9-7C7038400114}.Debug|x64.ActiveCfg = Debug|x64
		{A2639C2D-0BBA-41A9-93F9-7C7038400114}.Debug|x64.Build.0 = Debug|x64
		{A2639C2D-0BBA-41A9-93F9-7C7038400114}.Debug|x86.ActiveCfg = Debug|Win32
		{A2639C2D-0BBA-41A9-93F9-7C7038400114}.Debug|x86.Build.0 = Debug|Win32
		{A2639C2D-0BBA-41A9-93F9-7C7038400114}.Release|x64.ActiveCfg = Release|x64
		{A2639C2D-0BBA-41A9-93F9-7C7038400114}.Release|x64.Build.0 = Release|x64
		{A2639C2D-0BBA-41A9-93F9-7C7038400114}.Release|x86.ActiveCfg = Release|Win32
		{A2639C2D-0BBA-41A9-93F9-7C7038400114}.Release|x86.Build.0 = Release|Win32
	EndGlobalSection
	GlobalSection(SolutionProperties) = preSolution
		HideSolutionNode = FALSE
	EndGlobalSection
	GlobalSection(ExtensibilityGlobals) = postSolution
		SolutionGuid = {D65167F5-93FF-4C3E-A060-8FEA8D0A17B0}
	EndGlobalSection
EndGlobal
